
Microsoft Visual Studio Solution File, Format Version 12.00
# Visual Studio Version 17
VisualStudioVersion = 17.10.35122.118
MinimumVisualStudioVersion = 10.0.40219.1
Project("{FAE04EC0-301F-11D3-BF4B-00C04F79EFBC}") = "condicionais", "condicionais\condicionais.csproj", "{079E1813-EB8C-4E21-819A-F16639117D4A}"
EndProject
Global
	GlobalSection(SolutionConfigurationPlatforms) = preSolution
		Debug|Any CPU = Debug|Any CPU
		Release|Any CPU = Release|Any CPU
	EndGlobalSection
	GlobalSection(ProjectConfigurationPlatforms) = postSolution
		{079E1813-EB8C-4E21-819A-F16639117D4A}.Debug|Any CPU.ActiveCfg = Debug|Any CPU
		{079E1813-EB8C-4E21-819A-F16639117D4A}.Debug|Any CPU.Build.0 = Debug|Any CPU
		{079E1813-EB8C-4E21-819A-F16639117D4A}.Release|Any CPU.ActiveCfg = Release|Any CPU
		{079E1813-EB8C-4E21-819A-F16639117D4A}.Release|Any CPU.Build.0 = Release|Any CPU
	EndGlobalSection
	GlobalSection(SolutionProperties) = preSolution
		HideSolutionNode = FALSE
	EndGlobalSection
	GlobalSection(ExtensibilityGlobals) = postSolution
		SolutionGuid = {F6722F23-F974-4452-A369-ED0F5560A3C2}
	EndGlobalSection
EndGlobal
